github.com/wowchemy/wowchemy-hugo-modules/wowchemy v0.0.0-20200902195927-86da39719ccd h1:ib4vY08iCxJQlQtf0m/Bz9Ha2HJ83te60V9NCnTR6VE=
github.com/wowchemy/wowchemy-hugo-modules/wowchemy v0.0.0-20200902195927-86da39719ccd/go.mod h1:H22qfH9qj3FWwsk7+bAZpmT24yRGNQURah2/IRwjbn8=
github.com/wowchemy/wowchemy-hugo-modules/wowchemy v0.0.0-20200903212926-73d157ece01d h1:p/Clz609aMSAnc1udZNznkwlF/OLoxAxhon9Fb5jLRY=
github.com/wowchemy/wowchemy-hugo-modules/wowchemy v0.0.0-20200903212926-73d157ece01d/go.mod h1:H22qfH9qj3FWwsk7+bAZpmT24yRGNQURah2/IRwjbn8=
github.com/wowchemy/wowchemy-hugo-modules/wowchemy v0.0.0-20200920214445-6789c8948f0d h1:jIhymT8uNJXTVc9/BYtWwNEcYLr4iZyzhDyX1hCmPHQ=
github.com/wowchemy/wowchemy-hugo-modules/wowchemy v0.0.0-20200920214445-6789c8948f0d/go.mod h1:H22qfH9qj3FWwsk7+bAZpmT24yRGNQURah2/IRwjbn8=
github.com/wowchemy/wowchemy-hugo-modules/wowchemy v0.0.0-20201016182837-be0fa17ac006 h1:0TttxcFCinLEfPQxtpCRcCnf34vQm/S247UQ9lrzh38=
github.com/wowchemy/wowchemy-hugo-modules/wowchemy v0.0.0-20201016182837-be0fa17ac006/go.mod h1:H22qfH9qj3FWwsk7+bAZpmT24yRGNQURah2/IRwjbn8=
github.com/wowchemy/wowchemy-hugo-modules/wowchemy v0.0.0-20201028224128-ab5b005820d1 h1:8PaS5BrK/UqJOGb3DJfJF9yZ54nQoTefjWrE1o1qgAw=
github.com/wowchemy/wowchemy-hugo-modules/wowchemy v0.0.0-20201028224128-ab5b005820d1/go.mod h1:H22qfH9qj3FWwsk7+bAZpmT24yRGNQURah2/IRwjbn8=
github.com/wowchemy/wowchemy-hugo-modules/wowchemy v0.0.0-20201102170205-80fce98e72a9 h1:Xlur4C1LriYTITcDsTo5Sl/eyxyspJhccS0EYXcRacA=
github.com/wowchemy/wowchemy-hugo-modules/wowchemy v0.0.0-20201102170205-80fce98e72a9/go.mod h1:H22qfH9qj3FWwsk7+bAZpmT24yRGNQURah2/IRwjbn8=
github.com/wowchemy/wowchemy-hugo-modules/wowchemy v0.0.0-20201106215012-eb76e56841f8 h1:M/vkofRJdtMp0L967Wprqp7KF7IrtuPxPWXmV7iKTfg=
github.com/wowchemy/wowchemy-hugo-modules/wowchemy v0.0.0-20201106215012-eb76e56841f8/go.mod h1:H22qfH9qj3FWwsk7+bAZpmT24yRGNQURah2/IRwjbn8=
github.com/wowchemy/wowchemy-hugo-modules/wowchemy v0.0.0-20201107234021-93ce3d22adfc h1:hx9qDwn2GPk+TY+6aZNpLMC3TP9UB2bBXWFuGQxUUyg=
github.com/wowchemy/wowchemy-hugo-modules/wowchemy v0.0.0-20201107234021-93ce3d22adfc/go.mod h1:H22qfH9qj3FWwsk7+bAZpmT24yRGNQURah2/IRwjbn8=
github.com/wowchemy/wowchemy-hugo-modules/wowchemy v0.0.0-20201116224457-1597dca92083 h1:1w1DccruSas6rc/ez4ko1JWveCTqwxLW+gZ9CbuOjTw=
github.com/wowchemy/wowchemy-hugo-modules/wowchemy v0.0.0-20201116224457-1597dca92083/go.mod h1:H22qfH9qj3FWwsk7+bAZpmT24yRGNQURah2/IRwjbn8=
github.com/wowchemy/wowchemy-hugo-modules/wowchemy v0.0.0-20201118204302-97606bf9c67c h1:iUzaImjkay6AdAfTakkV30vwGoz3HlAutnt/zI6y1g0=
github.com/wowchemy/wowchemy-hugo-modules/wowchemy v0.0.0-20201118204302-97606bf9c67c/go.mod h1:H22qfH9qj3FWwsk7+bAZpmT24yRGNQURah2/IRwjbn8=
github.com/wowchemy/wowchemy-hugo-modules/wowchemy v0.0.0-20201119160353-c9c3e5f51aab h1:QuH04SmsVsTBTPgSgHTXmO7eauIs/CddBiwKqZdG+zs=
github.com/wowchemy/wowchemy-hugo-modules/wowchemy v0.0.0-20201119160353-c9c3e5f51aab/go.mod h1:H22qfH9qj3FWwsk7+bAZpmT24yRGNQURah2/IRwjbn8=
github.com/wowchemy/wowchemy-hugo-modules/wowchemy v0.0.0-20201119202204-4dc8eff07409 h1:j1iwPqOAZ+T5TMGAo8Xvb63EYWeDdflddrGZgQMkLP0=
github.com/wowchemy/wowchemy-hugo-modules/wowchemy v0.0.0-20201119202204-4dc8eff07409/go.mod h1:H22qfH9qj3FWwsk7+bAZpmT24yRGNQURah2/IRwjbn8=
github.com/wowchemy/wowchemy-hugo-modules/wowchemy v0.0.0-20201211023654-f6090cd7e55d h1:s1Eo9hqvzzN6I+jpx4/GG4yTwCh/26MnZaPvdqrqbis=
github.com/wowchemy/wowchemy-hugo-modules/wowchemy v0.0.0-20201211023654-f6090cd7e55d/go.mod h1:H22qfH9qj3FWwsk7+bAZpmT24yRGNQURah2/IRwjbn8=
github.com/wowchemy/wowchemy-hugo-modules/wowchemy v0.0.0-20201221010035-817e89f73b07 h1:pIN+v0tgSIhWDpP21dqr6RYGUv8nteY9QgYDC20Ln3Y=
github.com/wowchemy/wowchemy-hugo-modules/wowchemy v0.0.0-20201221010035-817e89f73b07/go.mod h1:H22qfH9qj3FWwsk7+bAZpmT24yRGNQURah2/IRwjbn8=
github.com/wowchemy/wowchemy-hugo-modules/wowchemy v0.0.0-20201221153245-e47738df5972 h1:3qRXrDU+WQP6y9vbGr+IaJMaOKSq3HccgIa/yowNRV4=
github.com/wowchemy/wowchemy-hugo-modules/wowchemy v0.0.0-20201221153245-e47738df5972/go.mod h1:H22qfH9qj3FWwsk7+bAZpmT24yRGNQURah2/IRwjbn8=
github.com/wowchemy/wowchemy-hugo-modules/wowchemy v0.0.0-20201224144527-9cce661db8d7 h1:pM9Tu7n9bipuVddgpfR7X3CCzvjKV6uhzCtZ7khg3pU=
github.com/wowchemy/wowchemy-hugo-modules/wowchemy v0.0.0-20201224144527-9cce661db8d7/go.mod h1:H22qfH9qj3FWwsk7+bAZpmT24yRGNQURah2/IRwjbn8=
github.com/wowchemy/wowchemy-hugo-modules/wowchemy v0.0.0-20201228165837-ca84784cf4e0 h1:X4s3XWJCAio/UiwHBgS7tqc/hyPpz+VUpI3iad39bGA=
github.com/wowchemy/wowchemy-hugo-modules/wowchemy v0.0.0-20201228165837-ca84784cf4e0/go.mod h1:H22qfH9qj3FWwsk7+bAZpmT24yRGNQURah2/IRwjbn8=
github.com/wowchemy/wowchemy-hugo-modules/wowchemy v0.0.0-20201228231801-219b05cbd2c4 h1:EIk8PqNiLg1YcddZWwh2Khgvfkxh5KSX5hNsI7UBJVM=
github.com/wowchemy/wowchemy-hugo-modules/wowchemy v0.0.0-20201228231801-219b05cbd2c4/go.mod h1:H22qfH9qj3FWwsk7+bAZpmT24yRGNQURah2/IRwjbn8=
github.com/wowchemy/wowchemy-hugo-modules/wowchemy v0.0.0-20201230224646-25e0b0627f09 h1:5Dxk6ndnHNdqqYqVYyLPhUr/crpvj+j1ZEVPeSEqrDw=
github.com/wowchemy/wowchemy-hugo-modules/wowchemy v0.0.0-20201230224646-25e0b0627f09/go.mod h1:H22qfH9qj3FWwsk7+bAZpmT24yRGNQURah2/IRwjbn8=
github.com/wowchemy/wowchemy-hugo-modules/wowchemy v0.0.0-20210102005808-f40841ce36e6 h1:qts9SSnysONB+7UOdo/Nv8mhO+7GoLuxh6mN4d8iHOU=
github.com/wowchemy/wowchemy-hugo-modules/wowchemy v0.0.0-20210102005808-f40841ce36e6/go.mod h1:H22qfH9qj3FWwsk7+bAZpmT24yRGNQURah2/IRwjbn8=
github.com/wowchemy/wowchemy-hugo-modules/wowchemy v0.0.0-20210105192446-f35d4b1858d5 h1:Y941nSUXK4pNlqjrpT9jtdfQthVmKJQ2q03ZwWH84wU=
github.com/wowchemy/wowchemy-hugo-modules/wowchemy v0.0.0-20210105192446-f35d4b1858d5/go.mod h1:H22qfH9qj3FWwsk7+bAZpmT24yRGNQURah2/IRwjbn8=
github.com/wowchemy/wowchemy-hugo-modules/wowchemy v0.0.0-20210110172317-362cb1510b5a h1:JGLFzvb0BuIwykOeACvq6wbP2wdqXNJV2p36oupVTOg=
github.com/wowchemy/wowchemy-hugo-modules/wowchemy v0.0.0-20210110172317-362cb1510b5a/go.mod h1:H22qfH9qj3FWwsk7+bAZpmT24yRGNQURah2/IRwjbn8=
github.com/wowchemy/wowchemy-hugo-modules/wowchemy v0.0.0-20210111235350-f1da2c5ca88d h1:yWf9Wc+VloKk3c1lI7OTrf6WjNxPVf1JRkd3b71RCKA=
github.com/wowchemy/wowchemy-hugo-modules/wowchemy v0.0.0-20210111235350-f1da2c5ca88d/go.mod h1:H22qfH9qj3FWwsk7+bAZpmT24yRGNQURah2/IRwjbn8=
github.com/wowchemy/wowchemy-hugo-modules/wowchemy v0.0.0-20210114210141-273405e59be6 h1:O1l0Iv9GlvyHfKDc9FivBJO4aDXaTS5hKesa2Zoo+hY=
github.com/wowchemy/wowchemy-hugo-modules/wowchemy v0.0.0-20210114210141-273405e59be6/go.mod h1:H22qfH9qj3FWwsk7+bAZpmT24yRGNQURah2/IRwjbn8=
github.com/wowchemy/wowchemy-hugo-modules/wowchemy v0.0.0-20210120013424-cbf15cd47026 h1:5LQ3X1AAxxi14dtU7QXt5uNWqJUSp32SWRcbMmX/yVM=
github.com/wowchemy/wowchemy-hugo-modules/wowchemy v0.0.0-20210120013424-cbf15cd47026/go.mod h1:H22qfH9qj3FWwsk7+bAZpmT24yRGNQURah2/IRwjbn8=
github.com/wowchemy/wowchemy-hugo-modules/wowchemy v0.0.0-20210120025205-e0ae7c979cda h1:DjweNGYmNRnVhG48yarIZQiYvLKub1s7K3mwSaSZXQs=
github.com/wowchemy/wowchemy-hugo-modules/wowchemy v0.0.0-20210120025205-e0ae7c979cda/go.mod h1:H22qfH9qj3FWwsk7+bAZpmT24yRGNQURah2/IRwjbn8=
github.com/wowchemy/wowchemy-hugo-modules/wowchemy v0.0.0-20210123012526-bc942ec48b45 h1:viaAgg1KDM7ZPhlebIuQy6JeNqMsO1Kf2D+svXAYLu4=
github.com/wowchemy/wowchemy-hugo-modules/wowchemy v0.0.0-20210123012526-bc942ec48b45/go.mod h1:H22qfH9qj3FWwsk7+bAZpmT24yRGNQURah2/IRwjbn8=
github.com/wowchemy/wowchemy-hugo-modules/wowchemy v0.0.0-20210123180413-7dbc1f73edfd h1:dMMvFBC6oOVTVt28kM8VlnNcKUGnMwtdGbLd0MdPywY=
github.com/wowchemy/wowchemy-hugo-modules/wowchemy v0.0.0-20210123180413-7dbc1f73edfd/go.mod h1:H22qfH9qj3FWwsk7+bAZpmT24yRGNQURah2/IRwjbn8=
github.com/wowchemy/wowchemy-hugo-modules/wowchemy v0.0.0-20210126214637-64b7d5189bb3 h1:fl7/z41Hzo7JF9HuE7FfExig9AtfpNkyUAdsXX07R2g=
github.com/wowchemy/wowchemy-hugo-modules/wowchemy v0.0.0-20210126214637-64b7d5189bb3/go.mod h1:H22qfH9qj3FWwsk7+bAZpmT24yRGNQURah2/IRwjbn8=
github.com/wowchemy/wowchemy-hugo-modules/wowchemy v0.0.0-20210127175625-9e984eca83db h1:S1JhEzfKwPj7F9TAzIn1L3GEg6kkP9LZILO6TTa9pOQ=
github.com/wowchemy/wowchemy-hugo-modules/wowchemy v0.0.0-20210127175625-9e984eca83db/go.mod h1:H22qfH9qj3FWwsk7+bAZpmT24yRGNQURah2/IRwjbn8=
github.com/wowchemy/wowchemy-hugo-modules/wowchemy v0.0.0-20210201131602-995d2181a052 h1:BFhSN0ZCoPdKxAcv8BVUNQC7jhbb4ejlXD0X087S/k4=
github.com/wowchemy/wowchemy-hugo-modules/wowchemy v0.0.0-20210201131602-995d2181a052/go.mod h1:H22qfH9qj3FWwsk7+bAZpmT24yRGNQURah2/IRwjbn8=
github.com/wowchemy/wowchemy-hugo-modules/wowchemy v0.0.0-20210202235530-9bbf6fa2a698 h1:HwIWzOfIdoyqzYLrvBAbDcz68fO7nDh8S/D1fZcjifY=
github.com/wowchemy/wowchemy-hugo-modules/wowchemy v0.0.0-20210202235530-9bbf6fa2a698/go.mod h1:H22qfH9qj3FWwsk7+bAZpmT24yRGNQURah2/IRwjbn8=
github.com/wowchemy/wowchemy-hugo-modules/wowchemy v0.0.0-20210203203225-5072eddcc1eb h1:7rcoY/0Ql45NL6EdRgpsHGF2Jaa9HtxhONfHssCrbhc=
github.com/wowchemy/wowchemy-hugo-modules/wowchemy v0.0.0-20210203203225-5072eddcc1eb/go.mod h1:H22qfH9qj3FWwsk7+bAZpmT24yRGNQURah2/IRwjbn8=
github.com/wowchemy/wowchemy-hugo-modules/wowchemy v0.0.0-20210205224825-50d3d41e9e1a h1:BxOQUKnIoXDmsexnifhDJlw/xnCxojOYt2vpv2u9IfA=
github.com/wowchemy/wowchemy-hugo-modules/wowchemy v0.0.0-20210205224825-50d3d41e9e1a/go.mod h1:H22qfH9qj3FWwsk7+bAZpmT24yRGNQURah2/IRwjbn8=
github.com/wowchemy/wowchemy-hugo-modules/wowchemy v0.0.0-20210209220000-aa4fe0c75726 h1:0el025jqd8fqt+BtIt71cJz28GuMMdj1AUUozw8SBAQ=
github.com/wowchemy/wowchemy-hugo-modules/wowchemy v0.0.0-20210209220000-aa4fe0c75726/go.mod h1:H22qfH9qj3FWwsk7+bAZpmT24yRGNQURah2/IRwjbn8=
github.com/wowchemy/wowchemy-hugo-modules/wowchemy v0.0.0-20210210082528-c36f3b7878d9 h1:sUo4cGbBKhWMQ4ZaF8sXXYg5bOme+P0tTjs7m3ab0b4=
github.com/wowchemy/wowchemy-hugo-modules/wowchemy v0.0.0-20210210082528-c36f3b7878d9/go.mod h1:H22qfH9qj3FWwsk7+bAZpmT24yRGNQURah2/IRwjbn8=
github.com/wowchemy/wowchemy-hugo-modules/wowchemy v0.0.0-20210211185922-b811f9a1bb9c h1:rcd9H2OHyw3xiu2H140g22AUvYZPBfvynAyTfubpvg4=
github.com/wowchemy/wowchemy-hugo-modules/wowchemy v0.0.0-20210211185922-b811f9a1bb9c/go.mod h1:H22qfH9qj3FWwsk7+bAZpmT24yRGNQURah2/IRwjbn8=
github.com/wowchemy/wowchemy-hugo-modules/wowchemy v0.0.0-20210214225912-7b235ea453b2 h1:Pgd47zsSIzTZtL1q5lsKNmwfoCZytr/oCCHJbX0pMgw=
github.com/wowchemy/wowchemy-hugo-modules/wowchemy v0.0.0-20210214225912-7b235ea453b2/go.mod h1:H22qfH9qj3FWwsk7+bAZpmT24yRGNQURah2/IRwjbn8=
github.com/wowchemy/wowchemy-hugo-modules/wowchemy v0.0.0-20210215224117-3cf9f6cdeef0 h1:CKKB4/INf2y6opG3Xgw5kIz2Hkp0yf3gZfGj/wA5yPY=
github.com/wowchemy/wowchemy-hugo-modules/wowchemy v0.0.0-20210215224117-3cf9f6cdeef0/go.mod h1:H22qfH9qj3FWwsk7+bAZpmT24yRGNQURah2/IRwjbn8=
github.com/wowchemy/wowchemy-hugo-modules/wowchemy v0.0.0-20210217222139-68595a20aead h1:mn44MABTJQiXL1QXTnptmBX/o3ZNLml5gMrkXDmuyK0=
github.com/wowchemy/wowchemy-hugo-modules/wowchemy v0.0.0-20210217222139-68595a20aead/go.mod h1:H22qfH9qj3FWwsk7+bAZpmT24yRGNQURah2/IRwjbn8=
github.com/wowchemy/wowchemy-hugo-modules/wowchemy v0.0.0-20210219133516-05c772f38946 h1:PPkYFJCSyAMp9J5z9e5k/3CRHrCaWcQdw/hsM2SYqN4=
github.com/wowchemy/wowchemy-hugo-modules/wowchemy v0.0.0-20210219133516-05c772f38946/go.mod h1:H22qfH9qj3FWwsk7+bAZpmT24yRGNQURah2/IRwjbn8=
github.com/wowchemy/wowchemy-hugo-modules/wowchemy v0.0.0-20210221212403-e27cbaca79fc h1:KqQe0Fm+mlI+4pVmclPpgXNoNtBPO6P86P93K0soUxk=
github.com/wowchemy/wowchemy-hugo-modules/wowchemy v0.0.0-20210221212403-e27cbaca79fc/go.mod h1:H22qfH9qj3FWwsk7+bAZpmT24yRGNQURah2/IRwjbn8=
github.com/wowchemy/wowchemy-hugo-modules/wowchemy v0.0.0-20210222223615-40e01c083e6f h1:uAARNx5j+2uYtpmN5yM4ojImstcvV0HUqjJ9nCVn2c0=
github.com/wowchemy/wowchemy-hugo-modules/wowchemy v0.0.0-20210222223615-40e01c083e6f/go.mod h1:H22qfH9qj3FWwsk7+bAZpmT24yRGNQURah2/IRwjbn8=
github.com/wowchemy/wowchemy-hugo-modules/wowchemy v0.0.0-20210225181421-6b9fdd9482f6 h1:KD+9MHjPlYYeDOx+NtPOPH2D2NpHchk8gyH7H3U6CX4=
github.com/wowchemy/wowchemy-hugo-modules/wowchemy v0.0.0-20210225181421-6b9fdd9482f6/go.mod h1:H22qfH9qj3FWwsk7+bAZpmT24yRGNQURah2/IRwjbn8=
github.com/wowchemy/wowchemy-hugo-modules/wowchemy v0.0.0-20210226164504-3952bfc85cee h1:fzgNvnmzCL2gjkMPme48DVakKsRw/iWKJIRgXyYI/bg=
github.com/wowchemy/wowchemy-hugo-modules/wowchemy v0.0.0-20210226164504-3952bfc85cee/go.mod h1:H22qfH9qj3FWwsk7+bAZpmT24yRGNQURah2/IRwjbn8=
github.com/wowchemy/wowchemy-hugo-modules/wowchemy v0.0.0-20210306223413-f9505c280342 h1:d1OiSu98DS2pQfIYUJJdwO75eeSeNC86jitVPkOKdAU=
github.com/wowchemy/wowchemy-hugo-modules/wowchemy v0.0.0-20210306223413-f9505c280342/go.mod h1:H22qfH9qj3FWwsk7+bAZpmT24yRGNQURah2/IRwjbn8=
github.com/wowchemy/wowchemy-hugo-modules/wowchemy v0.0.0-20210308212518-cf32fde82412 h1:b+jVPvLDCUVMVpoY+cXmpPrQEsms/6rej/8xQfVHPV0=
github.com/wowchemy/wowchemy-hugo-modules/wowchemy v0.0.0-20210308212518-cf32fde82412/go.mod h1:H22qfH9qj3FWwsk7+bAZpmT24yRGNQURah2/IRwjbn8=
github.com/wowchemy/wowchemy-hugo-modules/wowchemy v0.0.0-20210318232615-0eae617819ce h1:632xHoGrABAqM8ckUF18sNWLiDeZWeL1ZhzhgzFUzIs=
github.com/wowchemy/wowchemy-hugo-modules/wowchemy v0.0.0-20210318232615-0eae617819ce/go.mod h1:H22qfH9qj3FWwsk7+bAZpmT24yRGNQURah2/IRwjbn8=
